
Microsoft Visual Studio Solution File, Format Version 12.00
# Visual Studio Version 17
VisualStudioVersion = 17.1.32210.238
MinimumVisualStudioVersion = 10.0.40219.1
Project("{FAE04EC0-301F-11D3-BF4B-00C04F79EFBC}") = "ex047", "ex047\ex047.csproj", "{BE2DC16B-F848-401E-B860-F2A5F36DEC04}"
EndProject
Global
	GlobalSection(SolutionConfigurationPlatforms) = preSolution
		Debug|Any CPU = Debug|Any CPU
		Release|Any CPU = Release|Any CPU
	EndGlobalSection
	GlobalSection(ProjectConfigurationPlatforms) = postSolution
		{BE2DC16B-F848-401E-B860-F2A5F36DEC04}.Debug|Any CPU.ActiveCfg = Debug|Any CPU
		{BE2DC16B-F848-401E-B860-F2A5F36DEC04}.Debug|Any CPU.Build.0 = Debug|Any CPU
		{BE2DC16B-F848-401E-B860-F2A5F36DEC04}.Release|Any CPU.ActiveCfg = Release|Any CPU
		{BE2DC16B-F848-401E-B860-F2A5F36DEC04}.Release|Any CPU.Build.0 = Release|Any CPU
	EndGlobalSection
	GlobalSection(SolutionProperties) = preSolution
		HideSolutionNode = FALSE
	EndGlobalSection
	GlobalSection(ExtensibilityGlobals) = postSolution
		SolutionGuid = {A73F4F3C-AF09-4D53-9310-19586CA2A1C3}
	EndGlobalSection
EndGlobal
