
Microsoft Visual Studio Solution File, Format Version 12.00
# Visual Studio Version 17
VisualStudioVersion = 17.1.32210.238
MinimumVisualStudioVersion = 10.0.40219.1
Project("{FAE04EC0-301F-11D3-BF4B-00C04F79EFBC}") = "ex048", "ex048\ex048.csproj", "{368C7DEB-6AEF-4B19-AD57-D8C228A82831}"
EndProject
Global
	GlobalSection(SolutionConfigurationPlatforms) = preSolution
		Debug|Any CPU = Debug|Any CPU
		Release|Any CPU = Release|Any CPU
	EndGlobalSection
	GlobalSection(ProjectConfigurationPlatforms) = postSolution
		{368C7DEB-6AEF-4B19-AD57-D8C228A82831}.Debug|Any CPU.ActiveCfg = Debug|Any CPU
		{368C7DEB-6AEF-4B19-AD57-D8C228A82831}.Debug|Any CPU.Build.0 = Debug|Any CPU
		{368C7DEB-6AEF-4B19-AD57-D8C228A82831}.Release|Any CPU.ActiveCfg = Release|Any CPU
		{368C7DEB-6AEF-4B19-AD57-D8C228A82831}.Release|Any CPU.Build.0 = Release|Any CPU
	EndGlobalSection
	GlobalSection(SolutionProperties) = preSolution
		HideSolutionNode = FALSE
	EndGlobalSection
	GlobalSection(ExtensibilityGlobals) = postSolution
		SolutionGuid = {2452B264-67F8-43C7-9D93-41C494A4CB76}
	EndGlobalSection
EndGlobal
