
Microsoft Visual Studio Solution File, Format Version 12.00
# Visual Studio Version 17
VisualStudioVersion = 17.1.32210.238
MinimumVisualStudioVersion = 10.0.40219.1
Project("{FAE04EC0-301F-11D3-BF4B-00C04F79EFBC}") = "ex070", "ex070\ex070.csproj", "{69B54F19-8EB5-4384-BB7A-EECAF447D26E}"
EndProject
Global
	GlobalSection(SolutionConfigurationPlatforms) = preSolution
		Debug|Any CPU = Debug|Any CPU
		Release|Any CPU = Release|Any CPU
	EndGlobalSection
	GlobalSection(ProjectConfigurationPlatforms) = postSolution
		{69B54F19-8EB5-4384-BB7A-EECAF447D26E}.Debug|Any CPU.ActiveCfg = Debug|Any CPU
		{69B54F19-8EB5-4384-BB7A-EECAF447D26E}.Debug|Any CPU.Build.0 = Debug|Any CPU
		{69B54F19-8EB5-4384-BB7A-EECAF447D26E}.Release|Any CPU.ActiveCfg = Release|Any CPU
		{69B54F19-8EB5-4384-BB7A-EECAF447D26E}.Release|Any CPU.Build.0 = Release|Any CPU
	EndGlobalSection
	GlobalSection(SolutionProperties) = preSolution
		HideSolutionNode = FALSE
	EndGlobalSection
	GlobalSection(ExtensibilityGlobals) = postSolution
		SolutionGuid = {14D15AE9-3E4C-4FF3-A736-4228966CE048}
	EndGlobalSection
EndGlobal
