
Microsoft Visual Studio Solution File, Format Version 12.00
# Visual Studio Version 17
VisualStudioVersion = 17.1.32210.238
MinimumVisualStudioVersion = 10.0.40219.1
Project("{FAE04EC0-301F-11D3-BF4B-00C04F79EFBC}") = "ex054", "ex054\ex054.csproj", "{82E431FC-7777-44F6-B4CE-9BAD1D70541D}"
EndProject
Global
	GlobalSection(SolutionConfigurationPlatforms) = preSolution
		Debug|Any CPU = Debug|Any CPU
		Release|Any CPU = Release|Any CPU
	EndGlobalSection
	GlobalSection(ProjectConfigurationPlatforms) = postSolution
		{82E431FC-7777-44F6-B4CE-9BAD1D70541D}.Debug|Any CPU.ActiveCfg = Debug|Any CPU
		{82E431FC-7777-44F6-B4CE-9BAD1D70541D}.Debug|Any CPU.Build.0 = Debug|Any CPU
		{82E431FC-7777-44F6-B4CE-9BAD1D70541D}.Release|Any CPU.ActiveCfg = Release|Any CPU
		{82E431FC-7777-44F6-B4CE-9BAD1D70541D}.Release|Any CPU.Build.0 = Release|Any CPU
	EndGlobalSection
	GlobalSection(SolutionProperties) = preSolution
		HideSolutionNode = FALSE
	EndGlobalSection
	GlobalSection(ExtensibilityGlobals) = postSolution
		SolutionGuid = {6E01AC8F-D630-489C-9841-6DAFA92639FA}
	EndGlobalSection
EndGlobal
