
Microsoft Visual Studio Solution File, Format Version 12.00
# Visual Studio Version 17
VisualStudioVersion = 17.1.32210.238
MinimumVisualStudioVersion = 10.0.40219.1
Project("{FAE04EC0-301F-11D3-BF4B-00C04F79EFBC}") = "ex027", "ex027\ex027.csproj", "{40FDD0D9-9E41-4D7F-B105-FF072F577246}"
EndProject
Global
	GlobalSection(SolutionConfigurationPlatforms) = preSolution
		Debug|Any CPU = Debug|Any CPU
		Release|Any CPU = Release|Any CPU
	EndGlobalSection
	GlobalSection(ProjectConfigurationPlatforms) = postSolution
		{40FDD0D9-9E41-4D7F-B105-FF072F577246}.Debug|Any CPU.ActiveCfg = Debug|Any CPU
		{40FDD0D9-9E41-4D7F-B105-FF072F577246}.Debug|Any CPU.Build.0 = Debug|Any CPU
		{40FDD0D9-9E41-4D7F-B105-FF072F577246}.Release|Any CPU.ActiveCfg = Release|Any CPU
		{40FDD0D9-9E41-4D7F-B105-FF072F577246}.Release|Any CPU.Build.0 = Release|Any CPU
	EndGlobalSection
	GlobalSection(SolutionProperties) = preSolution
		HideSolutionNode = FALSE
	EndGlobalSection
	GlobalSection(ExtensibilityGlobals) = postSolution
		SolutionGuid = {927430F6-19E7-4888-B4A7-BC9CCFCD34F7}
	EndGlobalSection
EndGlobal
