
Microsoft Visual Studio Solution File, Format Version 12.00
# Visual Studio Version 17
VisualStudioVersion = 17.1.32210.238
MinimumVisualStudioVersion = 10.0.40219.1
Project("{FAE04EC0-301F-11D3-BF4B-00C04F79EFBC}") = "ex030", "ex030\ex030.csproj", "{A66BBB9A-6137-47B6-9D3E-73FA0884BB1D}"
EndProject
Global
	GlobalSection(SolutionConfigurationPlatforms) = preSolution
		Debug|Any CPU = Debug|Any CPU
		Release|Any CPU = Release|Any CPU
	EndGlobalSection
	GlobalSection(ProjectConfigurationPlatforms) = postSolution
		{A66BBB9A-6137-47B6-9D3E-73FA0884BB1D}.Debug|Any CPU.ActiveCfg = Debug|Any CPU
		{A66BBB9A-6137-47B6-9D3E-73FA0884BB1D}.Debug|Any CPU.Build.0 = Debug|Any CPU
		{A66BBB9A-6137-47B6-9D3E-73FA0884BB1D}.Release|Any CPU.ActiveCfg = Release|Any CPU
		{A66BBB9A-6137-47B6-9D3E-73FA0884BB1D}.Release|Any CPU.Build.0 = Release|Any CPU
	EndGlobalSection
	GlobalSection(SolutionProperties) = preSolution
		HideSolutionNode = FALSE
	EndGlobalSection
	GlobalSection(ExtensibilityGlobals) = postSolution
		SolutionGuid = {DBE79CF1-0926-4C0F-82F4-EE8AC8B37444}
	EndGlobalSection
EndGlobal
