
Microsoft Visual Studio Solution File, Format Version 12.00
# Visual Studio Version 17
VisualStudioVersion = 17.1.32421.90
MinimumVisualStudioVersion = 10.0.40219.1
Project("{FAE04EC0-301F-11D3-BF4B-00C04F79EFBC}") = "ex147", "ex147\ex147.csproj", "{92B07644-D9CC-41FB-BACB-BA7F0EF267E0}"
EndProject
Global
	GlobalSection(SolutionConfigurationPlatforms) = preSolution
		Debug|Any CPU = Debug|Any CPU
		Release|Any CPU = Release|Any CPU
	EndGlobalSection
	GlobalSection(ProjectConfigurationPlatforms) = postSolution
		{92B07644-D9CC-41FB-BACB-BA7F0EF267E0}.Debug|Any CPU.ActiveCfg = Debug|Any CPU
		{92B07644-D9CC-41FB-BACB-BA7F0EF267E0}.Debug|Any CPU.Build.0 = Debug|Any CPU
		{92B07644-D9CC-41FB-BACB-BA7F0EF267E0}.Release|Any CPU.ActiveCfg = Release|Any CPU
		{92B07644-D9CC-41FB-BACB-BA7F0EF267E0}.Release|Any CPU.Build.0 = Release|Any CPU
	EndGlobalSection
	GlobalSection(SolutionProperties) = preSolution
		HideSolutionNode = FALSE
	EndGlobalSection
	GlobalSection(ExtensibilityGlobals) = postSolution
		SolutionGuid = {6451EB04-BAB6-4F6C-BBF0-D8F064EF189F}
	EndGlobalSection
EndGlobal
