
Microsoft Visual Studio Solution File, Format Version 12.00
# Visual Studio Version 17
VisualStudioVersion = 17.1.32421.90
MinimumVisualStudioVersion = 10.0.40219.1
Project("{FAE04EC0-301F-11D3-BF4B-00C04F79EFBC}") = "ex138", "ex138\ex138.csproj", "{8E4F5924-555F-49B7-8AEE-21E61B71D91D}"
EndProject
Global
	GlobalSection(SolutionConfigurationPlatforms) = preSolution
		Debug|Any CPU = Debug|Any CPU
		Release|Any CPU = Release|Any CPU
	EndGlobalSection
	GlobalSection(ProjectConfigurationPlatforms) = postSolution
		{8E4F5924-555F-49B7-8AEE-21E61B71D91D}.Debug|Any CPU.ActiveCfg = Debug|Any CPU
		{8E4F5924-555F-49B7-8AEE-21E61B71D91D}.Debug|Any CPU.Build.0 = Debug|Any CPU
		{8E4F5924-555F-49B7-8AEE-21E61B71D91D}.Release|Any CPU.ActiveCfg = Release|Any CPU
		{8E4F5924-555F-49B7-8AEE-21E61B71D91D}.Release|Any CPU.Build.0 = Release|Any CPU
	EndGlobalSection
	GlobalSection(SolutionProperties) = preSolution
		HideSolutionNode = FALSE
	EndGlobalSection
	GlobalSection(ExtensibilityGlobals) = postSolution
		SolutionGuid = {8DEF29B6-17AA-4765-A342-5EEF5BBA0431}
	EndGlobalSection
EndGlobal
