
Microsoft Visual Studio Solution File, Format Version 12.00
# Visual Studio Version 17
VisualStudioVersion = 17.1.32210.238
MinimumVisualStudioVersion = 10.0.40219.1
Project("{FAE04EC0-301F-11D3-BF4B-00C04F79EFBC}") = "ex067", "ex067\ex067.csproj", "{C077383C-0695-425A-B840-C04A687567C2}"
EndProject
Global
	GlobalSection(SolutionConfigurationPlatforms) = preSolution
		Debug|Any CPU = Debug|Any CPU
		Release|Any CPU = Release|Any CPU
	EndGlobalSection
	GlobalSection(ProjectConfigurationPlatforms) = postSolution
		{C077383C-0695-425A-B840-C04A687567C2}.Debug|Any CPU.ActiveCfg = Debug|Any CPU
		{C077383C-0695-425A-B840-C04A687567C2}.Debug|Any CPU.Build.0 = Debug|Any CPU
		{C077383C-0695-425A-B840-C04A687567C2}.Release|Any CPU.ActiveCfg = Release|Any CPU
		{C077383C-0695-425A-B840-C04A687567C2}.Release|Any CPU.Build.0 = Release|Any CPU
	EndGlobalSection
	GlobalSection(SolutionProperties) = preSolution
		HideSolutionNode = FALSE
	EndGlobalSection
	GlobalSection(ExtensibilityGlobals) = postSolution
		SolutionGuid = {BBB082F5-163E-4F09-8AE2-DA22264D5AC5}
	EndGlobalSection
EndGlobal
