
Microsoft Visual Studio Solution File, Format Version 12.00
# Visual Studio Version 17
VisualStudioVersion = 17.1.32210.238
MinimumVisualStudioVersion = 10.0.40219.1
Project("{FAE04EC0-301F-11D3-BF4B-00C04F79EFBC}") = "ex072", "ex072\ex072.csproj", "{741B286E-A77F-434F-B77C-3E74EEA261A6}"
EndProject
Global
	GlobalSection(SolutionConfigurationPlatforms) = preSolution
		Debug|Any CPU = Debug|Any CPU
		Release|Any CPU = Release|Any CPU
	EndGlobalSection
	GlobalSection(ProjectConfigurationPlatforms) = postSolution
		{741B286E-A77F-434F-B77C-3E74EEA261A6}.Debug|Any CPU.ActiveCfg = Debug|Any CPU
		{741B286E-A77F-434F-B77C-3E74EEA261A6}.Debug|Any CPU.Build.0 = Debug|Any CPU
		{741B286E-A77F-434F-B77C-3E74EEA261A6}.Release|Any CPU.ActiveCfg = Release|Any CPU
		{741B286E-A77F-434F-B77C-3E74EEA261A6}.Release|Any CPU.Build.0 = Release|Any CPU
	EndGlobalSection
	GlobalSection(SolutionProperties) = preSolution
		HideSolutionNode = FALSE
	EndGlobalSection
	GlobalSection(ExtensibilityGlobals) = postSolution
		SolutionGuid = {9D0197AE-C04A-4DBF-986C-C973ECC5C133}
	EndGlobalSection
EndGlobal
