
Microsoft Visual Studio Solution File, Format Version 12.00
# Visual Studio Version 17
VisualStudioVersion = 17.1.32210.238
MinimumVisualStudioVersion = 10.0.40219.1
Project("{FAE04EC0-301F-11D3-BF4B-00C04F79EFBC}") = "ex036", "ex036\ex036.csproj", "{9DE291E0-21D7-435A-9362-FA478A7F3364}"
EndProject
Global
	GlobalSection(SolutionConfigurationPlatforms) = preSolution
		Debug|Any CPU = Debug|Any CPU
		Release|Any CPU = Release|Any CPU
	EndGlobalSection
	GlobalSection(ProjectConfigurationPlatforms) = postSolution
		{9DE291E0-21D7-435A-9362-FA478A7F3364}.Debug|Any CPU.ActiveCfg = Debug|Any CPU
		{9DE291E0-21D7-435A-9362-FA478A7F3364}.Debug|Any CPU.Build.0 = Debug|Any CPU
		{9DE291E0-21D7-435A-9362-FA478A7F3364}.Release|Any CPU.ActiveCfg = Release|Any CPU
		{9DE291E0-21D7-435A-9362-FA478A7F3364}.Release|Any CPU.Build.0 = Release|Any CPU
	EndGlobalSection
	GlobalSection(SolutionProperties) = preSolution
		HideSolutionNode = FALSE
	EndGlobalSection
	GlobalSection(ExtensibilityGlobals) = postSolution
		SolutionGuid = {213108ED-5577-4A3A-BF6D-FCD7532C3A5F}
	EndGlobalSection
EndGlobal
