
Microsoft Visual Studio Solution File, Format Version 12.00
# Visual Studio Version 17
VisualStudioVersion = 17.1.32421.90
MinimumVisualStudioVersion = 10.0.40219.1
Project("{FAE04EC0-301F-11D3-BF4B-00C04F79EFBC}") = "ex113", "ex113\ex113.csproj", "{660F2680-5889-4B84-8329-A240083C87FF}"
EndProject
Global
	GlobalSection(SolutionConfigurationPlatforms) = preSolution
		Debug|Any CPU = Debug|Any CPU
		Release|Any CPU = Release|Any CPU
	EndGlobalSection
	GlobalSection(ProjectConfigurationPlatforms) = postSolution
		{660F2680-5889-4B84-8329-A240083C87FF}.Debug|Any CPU.ActiveCfg = Debug|Any CPU
		{660F2680-5889-4B84-8329-A240083C87FF}.Debug|Any CPU.Build.0 = Debug|Any CPU
		{660F2680-5889-4B84-8329-A240083C87FF}.Release|Any CPU.ActiveCfg = Release|Any CPU
		{660F2680-5889-4B84-8329-A240083C87FF}.Release|Any CPU.Build.0 = Release|Any CPU
	EndGlobalSection
	GlobalSection(SolutionProperties) = preSolution
		HideSolutionNode = FALSE
	EndGlobalSection
	GlobalSection(ExtensibilityGlobals) = postSolution
		SolutionGuid = {0C9F7E2D-19FC-4146-9211-FC422DD2D0AF}
	EndGlobalSection
EndGlobal
