
Microsoft Visual Studio Solution File, Format Version 12.00
# Visual Studio Version 17
VisualStudioVersion = 17.1.32210.238
MinimumVisualStudioVersion = 10.0.40219.1
Project("{FAE04EC0-301F-11D3-BF4B-00C04F79EFBC}") = "ex071", "ex071\ex071.csproj", "{D9DDCD61-FF6F-48B2-A3C1-B35223EF563C}"
EndProject
Global
	GlobalSection(SolutionConfigurationPlatforms) = preSolution
		Debug|Any CPU = Debug|Any CPU
		Release|Any CPU = Release|Any CPU
	EndGlobalSection
	GlobalSection(ProjectConfigurationPlatforms) = postSolution
		{D9DDCD61-FF6F-48B2-A3C1-B35223EF563C}.Debug|Any CPU.ActiveCfg = Debug|Any CPU
		{D9DDCD61-FF6F-48B2-A3C1-B35223EF563C}.Debug|Any CPU.Build.0 = Debug|Any CPU
		{D9DDCD61-FF6F-48B2-A3C1-B35223EF563C}.Release|Any CPU.ActiveCfg = Release|Any CPU
		{D9DDCD61-FF6F-48B2-A3C1-B35223EF563C}.Release|Any CPU.Build.0 = Release|Any CPU
	EndGlobalSection
	GlobalSection(SolutionProperties) = preSolution
		HideSolutionNode = FALSE
	EndGlobalSection
	GlobalSection(ExtensibilityGlobals) = postSolution
		SolutionGuid = {1FC3C683-62AB-4CAB-B512-2130750F94DA}
	EndGlobalSection
EndGlobal
