
Microsoft Visual Studio Solution File, Format Version 12.00
# Visual Studio Version 17
VisualStudioVersion = 17.1.32421.90
MinimumVisualStudioVersion = 10.0.40219.1
Project("{FAE04EC0-301F-11D3-BF4B-00C04F79EFBC}") = "ex110", "ex110\ex110.csproj", "{71AE9033-302E-4828-8061-D0885BFE76F5}"
EndProject
Global
	GlobalSection(SolutionConfigurationPlatforms) = preSolution
		Debug|Any CPU = Debug|Any CPU
		Release|Any CPU = Release|Any CPU
	EndGlobalSection
	GlobalSection(ProjectConfigurationPlatforms) = postSolution
		{71AE9033-302E-4828-8061-D0885BFE76F5}.Debug|Any CPU.ActiveCfg = Debug|Any CPU
		{71AE9033-302E-4828-8061-D0885BFE76F5}.Debug|Any CPU.Build.0 = Debug|Any CPU
		{71AE9033-302E-4828-8061-D0885BFE76F5}.Release|Any CPU.ActiveCfg = Release|Any CPU
		{71AE9033-302E-4828-8061-D0885BFE76F5}.Release|Any CPU.Build.0 = Release|Any CPU
	EndGlobalSection
	GlobalSection(SolutionProperties) = preSolution
		HideSolutionNode = FALSE
	EndGlobalSection
	GlobalSection(ExtensibilityGlobals) = postSolution
		SolutionGuid = {E965A7E7-5455-4196-92CE-47589853D347}
	EndGlobalSection
EndGlobal
