
Microsoft Visual Studio Solution File, Format Version 12.00
# Visual Studio Version 17
VisualStudioVersion = 17.1.32210.238
MinimumVisualStudioVersion = 10.0.40219.1
Project("{FAE04EC0-301F-11D3-BF4B-00C04F79EFBC}") = "practiceDateTime2", "practiceDateTime2\practiceDateTime2.csproj", "{44B11C1B-4A3F-42C1-AE85-A15C14676BB2}"
EndProject
Global
	GlobalSection(SolutionConfigurationPlatforms) = preSolution
		Debug|Any CPU = Debug|Any CPU
		Release|Any CPU = Release|Any CPU
	EndGlobalSection
	GlobalSection(ProjectConfigurationPlatforms) = postSolution
		{44B11C1B-4A3F-42C1-AE85-A15C14676BB2}.Debug|Any CPU.ActiveCfg = Debug|Any CPU
		{44B11C1B-4A3F-42C1-AE85-A15C14676BB2}.Debug|Any CPU.Build.0 = Debug|Any CPU
		{44B11C1B-4A3F-42C1-AE85-A15C14676BB2}.Release|Any CPU.ActiveCfg = Release|Any CPU
		{44B11C1B-4A3F-42C1-AE85-A15C14676BB2}.Release|Any CPU.Build.0 = Release|Any CPU
	EndGlobalSection
	GlobalSection(SolutionProperties) = preSolution
		HideSolutionNode = FALSE
	EndGlobalSection
	GlobalSection(ExtensibilityGlobals) = postSolution
		SolutionGuid = {7E90C5EC-09C2-44A9-8D6C-F7FE9333527D}
	EndGlobalSection
EndGlobal
