
Microsoft Visual Studio Solution File, Format Version 12.00
# Visual Studio Version 17
VisualStudioVersion = 17.1.32210.238
MinimumVisualStudioVersion = 10.0.40219.1
Project("{FAE04EC0-301F-11D3-BF4B-00C04F79EFBC}") = "ex050", "ex050\ex050.csproj", "{7767F0DE-797E-4F42-BC62-6C5ED6CE6A0B}"
EndProject
Global
	GlobalSection(SolutionConfigurationPlatforms) = preSolution
		Debug|Any CPU = Debug|Any CPU
		Release|Any CPU = Release|Any CPU
	EndGlobalSection
	GlobalSection(ProjectConfigurationPlatforms) = postSolution
		{7767F0DE-797E-4F42-BC62-6C5ED6CE6A0B}.Debug|Any CPU.ActiveCfg = Debug|Any CPU
		{7767F0DE-797E-4F42-BC62-6C5ED6CE6A0B}.Debug|Any CPU.Build.0 = Debug|Any CPU
		{7767F0DE-797E-4F42-BC62-6C5ED6CE6A0B}.Release|Any CPU.ActiveCfg = Release|Any CPU
		{7767F0DE-797E-4F42-BC62-6C5ED6CE6A0B}.Release|Any CPU.Build.0 = Release|Any CPU
	EndGlobalSection
	GlobalSection(SolutionProperties) = preSolution
		HideSolutionNode = FALSE
	EndGlobalSection
	GlobalSection(ExtensibilityGlobals) = postSolution
		SolutionGuid = {78D427D1-2F59-486B-A7CA-48E04B157B7D}
	EndGlobalSection
EndGlobal
