
Microsoft Visual Studio Solution File, Format Version 12.00
# Visual Studio Version 17
VisualStudioVersion = 17.1.32210.238
MinimumVisualStudioVersion = 10.0.40219.1
Project("{FAE04EC0-301F-11D3-BF4B-00C04F79EFBC}") = "ex055", "ex055\ex055.csproj", "{DB9B0749-FD16-4BA0-ABA3-E83EE41B5453}"
EndProject
Global
	GlobalSection(SolutionConfigurationPlatforms) = preSolution
		Debug|Any CPU = Debug|Any CPU
		Release|Any CPU = Release|Any CPU
	EndGlobalSection
	GlobalSection(ProjectConfigurationPlatforms) = postSolution
		{DB9B0749-FD16-4BA0-ABA3-E83EE41B5453}.Debug|Any CPU.ActiveCfg = Debug|Any CPU
		{DB9B0749-FD16-4BA0-ABA3-E83EE41B5453}.Debug|Any CPU.Build.0 = Debug|Any CPU
		{DB9B0749-FD16-4BA0-ABA3-E83EE41B5453}.Release|Any CPU.ActiveCfg = Release|Any CPU
		{DB9B0749-FD16-4BA0-ABA3-E83EE41B5453}.Release|Any CPU.Build.0 = Release|Any CPU
	EndGlobalSection
	GlobalSection(SolutionProperties) = preSolution
		HideSolutionNode = FALSE
	EndGlobalSection
	GlobalSection(ExtensibilityGlobals) = postSolution
		SolutionGuid = {C65C26EA-9851-426B-A0D3-56D036898EC9}
	EndGlobalSection
EndGlobal
