
Microsoft Visual Studio Solution File, Format Version 12.00
# Visual Studio Version 17
VisualStudioVersion = 17.1.32421.90
MinimumVisualStudioVersion = 10.0.40219.1
Project("{FAE04EC0-301F-11D3-BF4B-00C04F79EFBC}") = "ex0103", "ex0103\ex0103.csproj", "{DCE3E5F0-7DAE-4E76-9D45-D6F4147ACD95}"
EndProject
Global
	GlobalSection(SolutionConfigurationPlatforms) = preSolution
		Debug|Any CPU = Debug|Any CPU
		Release|Any CPU = Release|Any CPU
	EndGlobalSection
	GlobalSection(ProjectConfigurationPlatforms) = postSolution
		{DCE3E5F0-7DAE-4E76-9D45-D6F4147ACD95}.Debug|Any CPU.ActiveCfg = Debug|Any CPU
		{DCE3E5F0-7DAE-4E76-9D45-D6F4147ACD95}.Debug|Any CPU.Build.0 = Debug|Any CPU
		{DCE3E5F0-7DAE-4E76-9D45-D6F4147ACD95}.Release|Any CPU.ActiveCfg = Release|Any CPU
		{DCE3E5F0-7DAE-4E76-9D45-D6F4147ACD95}.Release|Any CPU.Build.0 = Release|Any CPU
	EndGlobalSection
	GlobalSection(SolutionProperties) = preSolution
		HideSolutionNode = FALSE
	EndGlobalSection
	GlobalSection(ExtensibilityGlobals) = postSolution
		SolutionGuid = {0E723AE9-66EB-4C9B-93C8-C8C5174ADFB7}
	EndGlobalSection
EndGlobal
