
Microsoft Visual Studio Solution File, Format Version 12.00
# Visual Studio Version 17
VisualStudioVersion = 17.1.32421.90
MinimumVisualStudioVersion = 10.0.40219.1
Project("{FAE04EC0-301F-11D3-BF4B-00C04F79EFBC}") = "ex149", "ex149\ex149.csproj", "{F409AEE8-818B-499D-A0A0-8AB7F379C8DD}"
EndProject
Global
	GlobalSection(SolutionConfigurationPlatforms) = preSolution
		Debug|Any CPU = Debug|Any CPU
		Release|Any CPU = Release|Any CPU
	EndGlobalSection
	GlobalSection(ProjectConfigurationPlatforms) = postSolution
		{F409AEE8-818B-499D-A0A0-8AB7F379C8DD}.Debug|Any CPU.ActiveCfg = Debug|Any CPU
		{F409AEE8-818B-499D-A0A0-8AB7F379C8DD}.Debug|Any CPU.Build.0 = Debug|Any CPU
		{F409AEE8-818B-499D-A0A0-8AB7F379C8DD}.Release|Any CPU.ActiveCfg = Release|Any CPU
		{F409AEE8-818B-499D-A0A0-8AB7F379C8DD}.Release|Any CPU.Build.0 = Release|Any CPU
	EndGlobalSection
	GlobalSection(SolutionProperties) = preSolution
		HideSolutionNode = FALSE
	EndGlobalSection
	GlobalSection(ExtensibilityGlobals) = postSolution
		SolutionGuid = {86CDC6D4-93CE-4EC2-B508-730DA714DB93}
	EndGlobalSection
EndGlobal
