
Microsoft Visual Studio Solution File, Format Version 12.00
# Visual Studio Version 17
VisualStudioVersion = 17.1.32210.238
MinimumVisualStudioVersion = 10.0.40219.1
Project("{FAE04EC0-301F-11D3-BF4B-00C04F79EFBC}") = "ex052", "ex052\ex052.csproj", "{4F7285AF-D21B-47BE-93FD-582E8DA2C7B9}"
EndProject
Global
	GlobalSection(SolutionConfigurationPlatforms) = preSolution
		Debug|Any CPU = Debug|Any CPU
		Release|Any CPU = Release|Any CPU
	EndGlobalSection
	GlobalSection(ProjectConfigurationPlatforms) = postSolution
		{4F7285AF-D21B-47BE-93FD-582E8DA2C7B9}.Debug|Any CPU.ActiveCfg = Debug|Any CPU
		{4F7285AF-D21B-47BE-93FD-582E8DA2C7B9}.Debug|Any CPU.Build.0 = Debug|Any CPU
		{4F7285AF-D21B-47BE-93FD-582E8DA2C7B9}.Release|Any CPU.ActiveCfg = Release|Any CPU
		{4F7285AF-D21B-47BE-93FD-582E8DA2C7B9}.Release|Any CPU.Build.0 = Release|Any CPU
	EndGlobalSection
	GlobalSection(SolutionProperties) = preSolution
		HideSolutionNode = FALSE
	EndGlobalSection
	GlobalSection(ExtensibilityGlobals) = postSolution
		SolutionGuid = {1B952D2A-2B88-4F96-B975-700C757780FB}
	EndGlobalSection
EndGlobal
