
Microsoft Visual Studio Solution File, Format Version 12.00
# Visual Studio Version 17
VisualStudioVersion = 17.1.32421.90
MinimumVisualStudioVersion = 10.0.40219.1
Project("{FAE04EC0-301F-11D3-BF4B-00C04F79EFBC}") = "ex116", "ex116\ex116.csproj", "{0481FEA9-1435-4D10-AAD7-FD3445B21A44}"
EndProject
Global
	GlobalSection(SolutionConfigurationPlatforms) = preSolution
		Debug|Any CPU = Debug|Any CPU
		Release|Any CPU = Release|Any CPU
	EndGlobalSection
	GlobalSection(ProjectConfigurationPlatforms) = postSolution
		{0481FEA9-1435-4D10-AAD7-FD3445B21A44}.Debug|Any CPU.ActiveCfg = Debug|Any CPU
		{0481FEA9-1435-4D10-AAD7-FD3445B21A44}.Debug|Any CPU.Build.0 = Debug|Any CPU
		{0481FEA9-1435-4D10-AAD7-FD3445B21A44}.Release|Any CPU.ActiveCfg = Release|Any CPU
		{0481FEA9-1435-4D10-AAD7-FD3445B21A44}.Release|Any CPU.Build.0 = Release|Any CPU
	EndGlobalSection
	GlobalSection(SolutionProperties) = preSolution
		HideSolutionNode = FALSE
	EndGlobalSection
	GlobalSection(ExtensibilityGlobals) = postSolution
		SolutionGuid = {BB2DF403-F687-4BA1-BC84-9B796C428F1B}
	EndGlobalSection
EndGlobal
