
Microsoft Visual Studio Solution File, Format Version 12.00
# Visual Studio Version 17
VisualStudioVersion = 17.1.32210.238
MinimumVisualStudioVersion = 10.0.40219.1
Project("{FAE04EC0-301F-11D3-BF4B-00C04F79EFBC}") = "ex087", "ex087\ex087.csproj", "{A566F85E-3BA9-46E4-B05C-A7B39DADD38E}"
EndProject
Global
	GlobalSection(SolutionConfigurationPlatforms) = preSolution
		Debug|Any CPU = Debug|Any CPU
		Release|Any CPU = Release|Any CPU
	EndGlobalSection
	GlobalSection(ProjectConfigurationPlatforms) = postSolution
		{A566F85E-3BA9-46E4-B05C-A7B39DADD38E}.Debug|Any CPU.ActiveCfg = Debug|Any CPU
		{A566F85E-3BA9-46E4-B05C-A7B39DADD38E}.Debug|Any CPU.Build.0 = Debug|Any CPU
		{A566F85E-3BA9-46E4-B05C-A7B39DADD38E}.Release|Any CPU.ActiveCfg = Release|Any CPU
		{A566F85E-3BA9-46E4-B05C-A7B39DADD38E}.Release|Any CPU.Build.0 = Release|Any CPU
	EndGlobalSection
	GlobalSection(SolutionProperties) = preSolution
		HideSolutionNode = FALSE
	EndGlobalSection
	GlobalSection(ExtensibilityGlobals) = postSolution
		SolutionGuid = {6D0AC487-8647-45CA-8380-28E18DE0FCC1}
	EndGlobalSection
EndGlobal
