
Microsoft Visual Studio Solution File, Format Version 12.00
# Visual Studio Version 17
VisualStudioVersion = 17.1.32210.238
MinimumVisualStudioVersion = 10.0.40219.1
Project("{FAE04EC0-301F-11D3-BF4B-00C04F79EFBC}") = "ex053", "ex053\ex053.csproj", "{7B7E3704-8F76-4441-8305-12EB2FBBE9A3}"
EndProject
Global
	GlobalSection(SolutionConfigurationPlatforms) = preSolution
		Debug|Any CPU = Debug|Any CPU
		Release|Any CPU = Release|Any CPU
	EndGlobalSection
	GlobalSection(ProjectConfigurationPlatforms) = postSolution
		{7B7E3704-8F76-4441-8305-12EB2FBBE9A3}.Debug|Any CPU.ActiveCfg = Debug|Any CPU
		{7B7E3704-8F76-4441-8305-12EB2FBBE9A3}.Debug|Any CPU.Build.0 = Debug|Any CPU
		{7B7E3704-8F76-4441-8305-12EB2FBBE9A3}.Release|Any CPU.ActiveCfg = Release|Any CPU
		{7B7E3704-8F76-4441-8305-12EB2FBBE9A3}.Release|Any CPU.Build.0 = Release|Any CPU
	EndGlobalSection
	GlobalSection(SolutionProperties) = preSolution
		HideSolutionNode = FALSE
	EndGlobalSection
	GlobalSection(ExtensibilityGlobals) = postSolution
		SolutionGuid = {99E46EA3-8FC5-4236-B146-9659EDB82575}
	EndGlobalSection
EndGlobal
