
Microsoft Visual Studio Solution File, Format Version 12.00
# Visual Studio Version 17
VisualStudioVersion = 17.1.32210.238
MinimumVisualStudioVersion = 10.0.40219.1
Project("{FAE04EC0-301F-11D3-BF4B-00C04F79EFBC}") = "ex093", "ex093\ex093.csproj", "{6B28D01F-5CA9-47D8-A784-620E02FB6FB9}"
EndProject
Global
	GlobalSection(SolutionConfigurationPlatforms) = preSolution
		Debug|Any CPU = Debug|Any CPU
		Release|Any CPU = Release|Any CPU
	EndGlobalSection
	GlobalSection(ProjectConfigurationPlatforms) = postSolution
		{6B28D01F-5CA9-47D8-A784-620E02FB6FB9}.Debug|Any CPU.ActiveCfg = Debug|Any CPU
		{6B28D01F-5CA9-47D8-A784-620E02FB6FB9}.Debug|Any CPU.Build.0 = Debug|Any CPU
		{6B28D01F-5CA9-47D8-A784-620E02FB6FB9}.Release|Any CPU.ActiveCfg = Release|Any CPU
		{6B28D01F-5CA9-47D8-A784-620E02FB6FB9}.Release|Any CPU.Build.0 = Release|Any CPU
	EndGlobalSection
	GlobalSection(SolutionProperties) = preSolution
		HideSolutionNode = FALSE
	EndGlobalSection
	GlobalSection(ExtensibilityGlobals) = postSolution
		SolutionGuid = {1AB8C681-3CB7-4770-BE5C-7E033ABE20ED}
	EndGlobalSection
EndGlobal
