
Microsoft Visual Studio Solution File, Format Version 12.00
# Visual Studio Version 17
VisualStudioVersion = 17.1.32210.238
MinimumVisualStudioVersion = 10.0.40219.1
Project("{FAE04EC0-301F-11D3-BF4B-00C04F79EFBC}") = "ex087", "ex087\ex087.csproj", "{81F539D0-0188-4B88-BE0D-D3E9A803F3C1}"
EndProject
Global
	GlobalSection(SolutionConfigurationPlatforms) = preSolution
		Debug|Any CPU = Debug|Any CPU
		Release|Any CPU = Release|Any CPU
	EndGlobalSection
	GlobalSection(ProjectConfigurationPlatforms) = postSolution
		{81F539D0-0188-4B88-BE0D-D3E9A803F3C1}.Debug|Any CPU.ActiveCfg = Debug|Any CPU
		{81F539D0-0188-4B88-BE0D-D3E9A803F3C1}.Debug|Any CPU.Build.0 = Debug|Any CPU
		{81F539D0-0188-4B88-BE0D-D3E9A803F3C1}.Release|Any CPU.ActiveCfg = Release|Any CPU
		{81F539D0-0188-4B88-BE0D-D3E9A803F3C1}.Release|Any CPU.Build.0 = Release|Any CPU
	EndGlobalSection
	GlobalSection(SolutionProperties) = preSolution
		HideSolutionNode = FALSE
	EndGlobalSection
	GlobalSection(ExtensibilityGlobals) = postSolution
		SolutionGuid = {6226227A-2B45-4822-82A2-27FEF2254A2E}
	EndGlobalSection
EndGlobal
