
Microsoft Visual Studio Solution File, Format Version 12.00
# Visual Studio Version 17
VisualStudioVersion = 17.1.32210.238
MinimumVisualStudioVersion = 10.0.40219.1
Project("{FAE04EC0-301F-11D3-BF4B-00C04F79EFBC}") = "ex086", "ex086\ex086.csproj", "{053EB84A-C520-43A7-B378-3589CD3A3F33}"
EndProject
Global
	GlobalSection(SolutionConfigurationPlatforms) = preSolution
		Debug|Any CPU = Debug|Any CPU
		Release|Any CPU = Release|Any CPU
	EndGlobalSection
	GlobalSection(ProjectConfigurationPlatforms) = postSolution
		{053EB84A-C520-43A7-B378-3589CD3A3F33}.Debug|Any CPU.ActiveCfg = Debug|Any CPU
		{053EB84A-C520-43A7-B378-3589CD3A3F33}.Debug|Any CPU.Build.0 = Debug|Any CPU
		{053EB84A-C520-43A7-B378-3589CD3A3F33}.Release|Any CPU.ActiveCfg = Release|Any CPU
		{053EB84A-C520-43A7-B378-3589CD3A3F33}.Release|Any CPU.Build.0 = Release|Any CPU
	EndGlobalSection
	GlobalSection(SolutionProperties) = preSolution
		HideSolutionNode = FALSE
	EndGlobalSection
	GlobalSection(ExtensibilityGlobals) = postSolution
		SolutionGuid = {0DD93F34-6612-4D96-9AE3-0B2EC972417E}
	EndGlobalSection
EndGlobal
