
Microsoft Visual Studio Solution File, Format Version 12.00
# Visual Studio Version 17
VisualStudioVersion = 17.1.32210.238
MinimumVisualStudioVersion = 10.0.40219.1
Project("{FAE04EC0-301F-11D3-BF4B-00C04F79EFBC}") = "ex004", "ex004\ex004.csproj", "{7718E7AB-90E7-4458-85F6-B9A69D1E0359}"
EndProject
Global
	GlobalSection(SolutionConfigurationPlatforms) = preSolution
		Debug|Any CPU = Debug|Any CPU
		Release|Any CPU = Release|Any CPU
	EndGlobalSection
	GlobalSection(ProjectConfigurationPlatforms) = postSolution
		{7718E7AB-90E7-4458-85F6-B9A69D1E0359}.Debug|Any CPU.ActiveCfg = Debug|Any CPU
		{7718E7AB-90E7-4458-85F6-B9A69D1E0359}.Debug|Any CPU.Build.0 = Debug|Any CPU
		{7718E7AB-90E7-4458-85F6-B9A69D1E0359}.Release|Any CPU.ActiveCfg = Release|Any CPU
		{7718E7AB-90E7-4458-85F6-B9A69D1E0359}.Release|Any CPU.Build.0 = Release|Any CPU
	EndGlobalSection
	GlobalSection(SolutionProperties) = preSolution
		HideSolutionNode = FALSE
	EndGlobalSection
	GlobalSection(ExtensibilityGlobals) = postSolution
		SolutionGuid = {36A67ED0-DAC8-4E50-B6FB-B660542779FF}
	EndGlobalSection
EndGlobal
