
Microsoft Visual Studio Solution File, Format Version 12.00
# Visual Studio Version 17
VisualStudioVersion = 17.1.32210.238
MinimumVisualStudioVersion = 10.0.40219.1
Project("{FAE04EC0-301F-11D3-BF4B-00C04F79EFBC}") = "ex062", "ex062\ex062.csproj", "{259D941B-8C95-488C-9645-E4B14EC5B32A}"
EndProject
Global
	GlobalSection(SolutionConfigurationPlatforms) = preSolution
		Debug|Any CPU = Debug|Any CPU
		Release|Any CPU = Release|Any CPU
	EndGlobalSection
	GlobalSection(ProjectConfigurationPlatforms) = postSolution
		{259D941B-8C95-488C-9645-E4B14EC5B32A}.Debug|Any CPU.ActiveCfg = Debug|Any CPU
		{259D941B-8C95-488C-9645-E4B14EC5B32A}.Debug|Any CPU.Build.0 = Debug|Any CPU
		{259D941B-8C95-488C-9645-E4B14EC5B32A}.Release|Any CPU.ActiveCfg = Release|Any CPU
		{259D941B-8C95-488C-9645-E4B14EC5B32A}.Release|Any CPU.Build.0 = Release|Any CPU
	EndGlobalSection
	GlobalSection(SolutionProperties) = preSolution
		HideSolutionNode = FALSE
	EndGlobalSection
	GlobalSection(ExtensibilityGlobals) = postSolution
		SolutionGuid = {420D17B3-4BA9-411C-BA27-02E0377DF36F}
	EndGlobalSection
EndGlobal
