
Microsoft Visual Studio Solution File, Format Version 12.00
# Visual Studio Version 17
VisualStudioVersion = 17.1.32210.238
MinimumVisualStudioVersion = 10.0.40219.1
Project("{FAE04EC0-301F-11D3-BF4B-00C04F79EFBC}") = "ex006", "ex006\ex006.csproj", "{7E1ED0E7-A7EF-44B4-AEE0-264567CE488A}"
EndProject
Global
	GlobalSection(SolutionConfigurationPlatforms) = preSolution
		Debug|Any CPU = Debug|Any CPU
		Release|Any CPU = Release|Any CPU
	EndGlobalSection
	GlobalSection(ProjectConfigurationPlatforms) = postSolution
		{7E1ED0E7-A7EF-44B4-AEE0-264567CE488A}.Debug|Any CPU.ActiveCfg = Debug|Any CPU
		{7E1ED0E7-A7EF-44B4-AEE0-264567CE488A}.Debug|Any CPU.Build.0 = Debug|Any CPU
		{7E1ED0E7-A7EF-44B4-AEE0-264567CE488A}.Release|Any CPU.ActiveCfg = Release|Any CPU
		{7E1ED0E7-A7EF-44B4-AEE0-264567CE488A}.Release|Any CPU.Build.0 = Release|Any CPU
	EndGlobalSection
	GlobalSection(SolutionProperties) = preSolution
		HideSolutionNode = FALSE
	EndGlobalSection
	GlobalSection(ExtensibilityGlobals) = postSolution
		SolutionGuid = {3610B94E-9E3E-4A3F-AAD4-81FEF2E21CD1}
	EndGlobalSection
EndGlobal
