
Microsoft Visual Studio Solution File, Format Version 12.00
# Visual Studio Version 17
VisualStudioVersion = 17.1.32210.238
MinimumVisualStudioVersion = 10.0.40219.1
Project("{FAE04EC0-301F-11D3-BF4B-00C04F79EFBC}") = "ex035", "ex035\ex035.csproj", "{C8C83222-9087-4FA0-812C-911B0093A2E3}"
EndProject
Global
	GlobalSection(SolutionConfigurationPlatforms) = preSolution
		Debug|Any CPU = Debug|Any CPU
		Release|Any CPU = Release|Any CPU
	EndGlobalSection
	GlobalSection(ProjectConfigurationPlatforms) = postSolution
		{C8C83222-9087-4FA0-812C-911B0093A2E3}.Debug|Any CPU.ActiveCfg = Debug|Any CPU
		{C8C83222-9087-4FA0-812C-911B0093A2E3}.Debug|Any CPU.Build.0 = Debug|Any CPU
		{C8C83222-9087-4FA0-812C-911B0093A2E3}.Release|Any CPU.ActiveCfg = Release|Any CPU
		{C8C83222-9087-4FA0-812C-911B0093A2E3}.Release|Any CPU.Build.0 = Release|Any CPU
	EndGlobalSection
	GlobalSection(SolutionProperties) = preSolution
		HideSolutionNode = FALSE
	EndGlobalSection
	GlobalSection(ExtensibilityGlobals) = postSolution
		SolutionGuid = {C476CF12-0F1B-46D9-8CC0-B07197BCA411}
	EndGlobalSection
EndGlobal
