
Microsoft Visual Studio Solution File, Format Version 12.00
# Visual Studio Version 17
VisualStudioVersion = 17.1.32210.238
MinimumVisualStudioVersion = 10.0.40219.1
Project("{FAE04EC0-301F-11D3-BF4B-00C04F79EFBC}") = "ex057", "ex057\ex057.csproj", "{1C854049-D775-4926-8D04-0596DB9E5EFD}"
EndProject
Global
	GlobalSection(SolutionConfigurationPlatforms) = preSolution
		Debug|Any CPU = Debug|Any CPU
		Release|Any CPU = Release|Any CPU
	EndGlobalSection
	GlobalSection(ProjectConfigurationPlatforms) = postSolution
		{1C854049-D775-4926-8D04-0596DB9E5EFD}.Debug|Any CPU.ActiveCfg = Debug|Any CPU
		{1C854049-D775-4926-8D04-0596DB9E5EFD}.Debug|Any CPU.Build.0 = Debug|Any CPU
		{1C854049-D775-4926-8D04-0596DB9E5EFD}.Release|Any CPU.ActiveCfg = Release|Any CPU
		{1C854049-D775-4926-8D04-0596DB9E5EFD}.Release|Any CPU.Build.0 = Release|Any CPU
	EndGlobalSection
	GlobalSection(SolutionProperties) = preSolution
		HideSolutionNode = FALSE
	EndGlobalSection
	GlobalSection(ExtensibilityGlobals) = postSolution
		SolutionGuid = {75811D9C-D759-44E8-8A4A-38AD5F2123BB}
	EndGlobalSection
EndGlobal
