
Microsoft Visual Studio Solution File, Format Version 12.00
# Visual Studio Version 17
VisualStudioVersion = 17.1.32421.90
MinimumVisualStudioVersion = 10.0.40219.1
Project("{FAE04EC0-301F-11D3-BF4B-00C04F79EFBC}") = "ex124", "ex124\ex124.csproj", "{6527C499-DAAE-44FD-9423-CCB2796E3425}"
EndProject
Global
	GlobalSection(SolutionConfigurationPlatforms) = preSolution
		Debug|Any CPU = Debug|Any CPU
		Release|Any CPU = Release|Any CPU
	EndGlobalSection
	GlobalSection(ProjectConfigurationPlatforms) = postSolution
		{6527C499-DAAE-44FD-9423-CCB2796E3425}.Debug|Any CPU.ActiveCfg = Debug|Any CPU
		{6527C499-DAAE-44FD-9423-CCB2796E3425}.Debug|Any CPU.Build.0 = Debug|Any CPU
		{6527C499-DAAE-44FD-9423-CCB2796E3425}.Release|Any CPU.ActiveCfg = Release|Any CPU
		{6527C499-DAAE-44FD-9423-CCB2796E3425}.Release|Any CPU.Build.0 = Release|Any CPU
	EndGlobalSection
	GlobalSection(SolutionProperties) = preSolution
		HideSolutionNode = FALSE
	EndGlobalSection
	GlobalSection(ExtensibilityGlobals) = postSolution
		SolutionGuid = {3346F88F-6B7A-4D62-A14A-D2070A43C627}
	EndGlobalSection
EndGlobal
