
Microsoft Visual Studio Solution File, Format Version 12.00
# Visual Studio Version 17
VisualStudioVersion = 17.1.32210.238
MinimumVisualStudioVersion = 10.0.40219.1
Project("{FAE04EC0-301F-11D3-BF4B-00C04F79EFBC}") = "ex049", "ex049\ex049.csproj", "{EA1FDF90-98B2-4156-857D-490331A07C1B}"
EndProject
Global
	GlobalSection(SolutionConfigurationPlatforms) = preSolution
		Debug|Any CPU = Debug|Any CPU
		Release|Any CPU = Release|Any CPU
	EndGlobalSection
	GlobalSection(ProjectConfigurationPlatforms) = postSolution
		{EA1FDF90-98B2-4156-857D-490331A07C1B}.Debug|Any CPU.ActiveCfg = Debug|Any CPU
		{EA1FDF90-98B2-4156-857D-490331A07C1B}.Debug|Any CPU.Build.0 = Debug|Any CPU
		{EA1FDF90-98B2-4156-857D-490331A07C1B}.Release|Any CPU.ActiveCfg = Release|Any CPU
		{EA1FDF90-98B2-4156-857D-490331A07C1B}.Release|Any CPU.Build.0 = Release|Any CPU
	EndGlobalSection
	GlobalSection(SolutionProperties) = preSolution
		HideSolutionNode = FALSE
	EndGlobalSection
	GlobalSection(ExtensibilityGlobals) = postSolution
		SolutionGuid = {EE73DFF7-BAD1-45DF-BD38-D50BCFA27F11}
	EndGlobalSection
EndGlobal
