
Microsoft Visual Studio Solution File, Format Version 12.00
# Visual Studio Version 17
VisualStudioVersion = 17.1.32421.90
MinimumVisualStudioVersion = 10.0.40219.1
Project("{FAE04EC0-301F-11D3-BF4B-00C04F79EFBC}") = "ex111", "ex111\ex111.csproj", "{A54E1098-4F97-48FE-A747-0872E429C717}"
EndProject
Global
	GlobalSection(SolutionConfigurationPlatforms) = preSolution
		Debug|Any CPU = Debug|Any CPU
		Release|Any CPU = Release|Any CPU
	EndGlobalSection
	GlobalSection(ProjectConfigurationPlatforms) = postSolution
		{A54E1098-4F97-48FE-A747-0872E429C717}.Debug|Any CPU.ActiveCfg = Debug|Any CPU
		{A54E1098-4F97-48FE-A747-0872E429C717}.Debug|Any CPU.Build.0 = Debug|Any CPU
		{A54E1098-4F97-48FE-A747-0872E429C717}.Release|Any CPU.ActiveCfg = Release|Any CPU
		{A54E1098-4F97-48FE-A747-0872E429C717}.Release|Any CPU.Build.0 = Release|Any CPU
	EndGlobalSection
	GlobalSection(SolutionProperties) = preSolution
		HideSolutionNode = FALSE
	EndGlobalSection
	GlobalSection(ExtensibilityGlobals) = postSolution
		SolutionGuid = {FBB1FFA8-FA4A-4879-A589-FF65589A94F8}
	EndGlobalSection
EndGlobal
