
Microsoft Visual Studio Solution File, Format Version 12.00
# Visual Studio Version 17
VisualStudioVersion = 17.1.32210.238
MinimumVisualStudioVersion = 10.0.40219.1
Project("{FAE04EC0-301F-11D3-BF4B-00C04F79EFBC}") = "ex009", "ex009\ex009.csproj", "{9FF18863-6093-48E3-80E5-6F4E78F1A782}"
EndProject
Global
	GlobalSection(SolutionConfigurationPlatforms) = preSolution
		Debug|Any CPU = Debug|Any CPU
		Release|Any CPU = Release|Any CPU
	EndGlobalSection
	GlobalSection(ProjectConfigurationPlatforms) = postSolution
		{9FF18863-6093-48E3-80E5-6F4E78F1A782}.Debug|Any CPU.ActiveCfg = Debug|Any CPU
		{9FF18863-6093-48E3-80E5-6F4E78F1A782}.Debug|Any CPU.Build.0 = Debug|Any CPU
		{9FF18863-6093-48E3-80E5-6F4E78F1A782}.Release|Any CPU.ActiveCfg = Release|Any CPU
		{9FF18863-6093-48E3-80E5-6F4E78F1A782}.Release|Any CPU.Build.0 = Release|Any CPU
	EndGlobalSection
	GlobalSection(SolutionProperties) = preSolution
		HideSolutionNode = FALSE
	EndGlobalSection
	GlobalSection(ExtensibilityGlobals) = postSolution
		SolutionGuid = {09DE2860-4F28-491C-B291-FD6FC1A7E68A}
	EndGlobalSection
EndGlobal
