
Microsoft Visual Studio Solution File, Format Version 12.00
# Visual Studio Version 17
VisualStudioVersion = 17.1.32210.238
MinimumVisualStudioVersion = 10.0.40219.1
Project("{FAE04EC0-301F-11D3-BF4B-00C04F79EFBC}") = "ex063", "ex063\ex063.csproj", "{678CC253-90F0-4009-AE32-BE6B12D6BEE1}"
EndProject
Global
	GlobalSection(SolutionConfigurationPlatforms) = preSolution
		Debug|Any CPU = Debug|Any CPU
		Release|Any CPU = Release|Any CPU
	EndGlobalSection
	GlobalSection(ProjectConfigurationPlatforms) = postSolution
		{678CC253-90F0-4009-AE32-BE6B12D6BEE1}.Debug|Any CPU.ActiveCfg = Debug|Any CPU
		{678CC253-90F0-4009-AE32-BE6B12D6BEE1}.Debug|Any CPU.Build.0 = Debug|Any CPU
		{678CC253-90F0-4009-AE32-BE6B12D6BEE1}.Release|Any CPU.ActiveCfg = Release|Any CPU
		{678CC253-90F0-4009-AE32-BE6B12D6BEE1}.Release|Any CPU.Build.0 = Release|Any CPU
	EndGlobalSection
	GlobalSection(SolutionProperties) = preSolution
		HideSolutionNode = FALSE
	EndGlobalSection
	GlobalSection(ExtensibilityGlobals) = postSolution
		SolutionGuid = {10DDF5B6-51A5-4CA4-A401-AC2E974D9B01}
	EndGlobalSection
EndGlobal
