
Microsoft Visual Studio Solution File, Format Version 12.00
# Visual Studio Version 17
VisualStudioVersion = 17.1.32210.238
MinimumVisualStudioVersion = 10.0.40219.1
Project("{FAE04EC0-301F-11D3-BF4B-00C04F79EFBC}") = "ex014", "ex014\ex014.csproj", "{75EDF0B1-77EB-48BF-9AA7-CA2E7BBDA9BC}"
EndProject
Global
	GlobalSection(SolutionConfigurationPlatforms) = preSolution
		Debug|Any CPU = Debug|Any CPU
		Release|Any CPU = Release|Any CPU
	EndGlobalSection
	GlobalSection(ProjectConfigurationPlatforms) = postSolution
		{75EDF0B1-77EB-48BF-9AA7-CA2E7BBDA9BC}.Debug|Any CPU.ActiveCfg = Debug|Any CPU
		{75EDF0B1-77EB-48BF-9AA7-CA2E7BBDA9BC}.Debug|Any CPU.Build.0 = Debug|Any CPU
		{75EDF0B1-77EB-48BF-9AA7-CA2E7BBDA9BC}.Release|Any CPU.ActiveCfg = Release|Any CPU
		{75EDF0B1-77EB-48BF-9AA7-CA2E7BBDA9BC}.Release|Any CPU.Build.0 = Release|Any CPU
	EndGlobalSection
	GlobalSection(SolutionProperties) = preSolution
		HideSolutionNode = FALSE
	EndGlobalSection
	GlobalSection(ExtensibilityGlobals) = postSolution
		SolutionGuid = {4C8052A4-126A-46B2-8A70-F88B1D724CB2}
	EndGlobalSection
EndGlobal
