
Microsoft Visual Studio Solution File, Format Version 12.00
# Visual Studio Version 17
VisualStudioVersion = 17.1.32210.238
MinimumVisualStudioVersion = 10.0.40219.1
Project("{FAE04EC0-301F-11D3-BF4B-00C04F79EFBC}") = "ex001", "ex001\ex001.csproj", "{AE8676E5-1AF0-491B-856C-D459AAA1E94F}"
EndProject
Global
	GlobalSection(SolutionConfigurationPlatforms) = preSolution
		Debug|Any CPU = Debug|Any CPU
		Release|Any CPU = Release|Any CPU
	EndGlobalSection
	GlobalSection(ProjectConfigurationPlatforms) = postSolution
		{AE8676E5-1AF0-491B-856C-D459AAA1E94F}.Debug|Any CPU.ActiveCfg = Debug|Any CPU
		{AE8676E5-1AF0-491B-856C-D459AAA1E94F}.Debug|Any CPU.Build.0 = Debug|Any CPU
		{AE8676E5-1AF0-491B-856C-D459AAA1E94F}.Release|Any CPU.ActiveCfg = Release|Any CPU
		{AE8676E5-1AF0-491B-856C-D459AAA1E94F}.Release|Any CPU.Build.0 = Release|Any CPU
	EndGlobalSection
	GlobalSection(SolutionProperties) = preSolution
		HideSolutionNode = FALSE
	EndGlobalSection
	GlobalSection(ExtensibilityGlobals) = postSolution
		SolutionGuid = {14C4167B-52EC-43B6-8602-B229A98FD0C0}
	EndGlobalSection
EndGlobal
